
Microsoft Visual Studio Solution File, Format Version 12.00
# Visual Studio Version 17
VisualStudioVersion = 17.7.34202.233
MinimumVisualStudioVersion = 10.0.40219.1
Project("{FAE04EC0-301F-11D3-BF4B-00C04F79EFBC}") = "1_progress_bar", "1_progress_bar\1_progress_bar.csproj", "{24EF60C3-302E-44E9-A295-5BBF338FEBAA}"
EndProject
Global
	GlobalSection(SolutionConfigurationPlatforms) = preSolution
		Debug|Any CPU = Debug|Any CPU
		Release|Any CPU = Release|Any CPU
	EndGlobalSection
	GlobalSection(ProjectConfigurationPlatforms) = postSolution
		{24EF60C3-302E-44E9-A295-5BBF338FEBAA}.Debug|Any CPU.ActiveCfg = Debug|Any CPU
		{24EF60C3-302E-44E9-A295-5BBF338FEBAA}.Debug|Any CPU.Build.0 = Debug|Any CPU
		{24EF60C3-302E-44E9-A295-5BBF338FEBAA}.Release|Any CPU.ActiveCfg = Release|Any CPU
		{24EF60C3-302E-44E9-A295-5BBF338FEBAA}.Release|Any CPU.Build.0 = Release|Any CPU
	EndGlobalSection
	GlobalSection(SolutionProperties) = preSolution
		HideSolutionNode = FALSE
	EndGlobalSection
	GlobalSection(ExtensibilityGlobals) = postSolution
		SolutionGuid = {B4C4938A-9BF8-4F15-AAC5-8E4273C496D7}
	EndGlobalSection
EndGlobal
